// !$*UTF8*$!
{
	archiveVersion = 1;
	classes = {
	};
	objectVersion = 46;
	objects = {

/* Begin PBXBuildFile section */
		C8AC92491EA2AE56000823B2 /* Assets.xcassets in Resources */ = {isa = PBXBuildFile; fileRef = C8AC92481EA2AE56000823B2 /* Assets.xcassets */; };
		C8AC924C1EA2AE56000823B2 /* LaunchScreen.storyboard in Resources */ = {isa = PBXBuildFile; fileRef = C8AC924A1EA2AE56000823B2 /* LaunchScreen.storyboard */; };
		C8AC92571EA2AE57000823B2 /* axolotlTests.swift in Sources */ = {isa = PBXBuildFile; fileRef = C8AC92561EA2AE57000823B2 /* axolotlTests.swift */; };
		C8AC92641EA2AE76000823B2 /* AppDelegate.swift in Sources */ = {isa = PBXBuildFile; fileRef = C8AC92611EA2AE76000823B2 /* AppDelegate.swift */; };
		C8AC92651EA2AE76000823B2 /* MotionStream.swift in Sources */ = {isa = PBXBuildFile; fileRef = C8AC92621EA2AE76000823B2 /* MotionStream.swift */; };
		C8AC92661EA2AE76000823B2 /* ViewController.swift in Sources */ = {isa = PBXBuildFile; fileRef = C8AC92631EA2AE76000823B2 /* ViewController.swift */; };
		F444F991A6221A676C4BCAAD /* Pods_axolotl.framework in Frameworks */ = {isa = PBXBuildFile; fileRef = 0B3F3063B97800372006C835 /* Pods_axolotl.framework */; };
/* End PBXBuildFile section */

/* Begin PBXContainerItemProxy section */
		C8AC92531EA2AE57000823B2 /* PBXContainerItemProxy */ = {
			isa = PBXContainerItemProxy;
			containerPortal = C8AC92361EA2AE56000823B2 /* Project object */;
			proxyType = 1;
			remoteGlobalIDString = C8AC923D1EA2AE56000823B2;
			remoteInfo = axolotl;
		};
/* End PBXContainerItemProxy section */

/* Begin PBXFileReference section */
		0B3F3063B97800372006C835 /* Pods_axolotl.framework */ = {isa = PBXFileReference; explicitFileType = wrapper.framework; includeInIndex = 0; path = Pods_axolotl.framework; sourceTree = BUILT_PRODUCTS_DIR; };
		603343D24A12FCA1899E128E /* Pods-axolotl.release.xcconfig */ = {isa = PBXFileReference; includeInIndex = 1; lastKnownFileType = text.xcconfig; name = "Pods-axolotl.release.xcconfig"; path = "Pods/Target Support Files/Pods-axolotl/Pods-axolotl.release.xcconfig"; sourceTree = "<group>"; };
		B55DD8DBB84AB258D7B4F4E2 /* Pods-axolotl.debug.xcconfig */ = {isa = PBXFileReference; includeInIndex = 1; lastKnownFileType = text.xcconfig; name = "Pods-axolotl.debug.xcconfig"; path = "Pods/Target Support Files/Pods-axolotl/Pods-axolotl.debug.xcconfig"; sourceTree = "<group>"; };
		C8AC923E1EA2AE56000823B2 /* axolotl.app */ = {isa = PBXFileReference; explicitFileType = wrapper.application; includeInIndex = 0; path = axolotl.app; sourceTree = BUILT_PRODUCTS_DIR; };
		C8AC92481EA2AE56000823B2 /* Assets.xcassets */ = {isa = PBXFileReference; lastKnownFileType = folder.assetcatalog; path = Assets.xcassets; sourceTree = "<group>"; };
		C8AC924B1EA2AE56000823B2 /* Base */ = {isa = PBXFileReference; lastKnownFileType = file.storyboard; name = Base; path = Base.lproj/LaunchScreen.storyboard; sourceTree = "<group>"; };
		C8AC924D1EA2AE56000823B2 /* Info.plist */ = {isa = PBXFileReference; lastKnownFileType = text.plist.xml; path = Info.plist; sourceTree = "<group>"; };
		C8AC92521EA2AE57000823B2 /* axolotlTests.xctest */ = {isa = PBXFileReference; explicitFileType = wrapper.cfbundle; includeInIndex = 0; path = axolotlTests.xctest; sourceTree = BUILT_PRODUCTS_DIR; };
		C8AC92561EA2AE57000823B2 /* axolotlTests.swift */ = {isa = PBXFileReference; lastKnownFileType = sourcecode.swift; path = axolotlTests.swift; sourceTree = "<group>"; };
		C8AC92581EA2AE57000823B2 /* Info.plist */ = {isa = PBXFileReference; lastKnownFileType = text.plist.xml; path = Info.plist; sourceTree = "<group>"; };
		C8AC92611EA2AE76000823B2 /* AppDelegate.swift */ = {isa = PBXFileReference; fileEncoding = 4; lastKnownFileType = sourcecode.swift; path = AppDelegate.swift; sourceTree = "<group>"; };
		C8AC92621EA2AE76000823B2 /* MotionStream.swift */ = {isa = PBXFileReference; fileEncoding = 4; lastKnownFileType = sourcecode.swift; path = MotionStream.swift; sourceTree = "<group>"; };
		C8AC92631EA2AE76000823B2 /* ViewController.swift */ = {isa = PBXFileReference; fileEncoding = 4; lastKnownFileType = sourcecode.swift; path = ViewController.swift; sourceTree = "<group>"; };
/* End PBXFileReference section */

/* Begin PBXFrameworksBuildPhase section */
		C8AC923B1EA2AE56000823B2 /* Frameworks */ = {
			isa = PBXFrameworksBuildPhase;
			buildActionMask = 2147483647;
			files = (
				F444F991A6221A676C4BCAAD /* Pods_axolotl.framework in Frameworks */,
			);
			runOnlyForDeploymentPostprocessing = 0;
		};
		C8AC924F1EA2AE57000823B2 /* Frameworks */ = {
			isa = PBXFrameworksBuildPhase;
			buildActionMask = 2147483647;
			files = (
			);
			runOnlyForDeploymentPostprocessing = 0;
		};
/* End PBXFrameworksBuildPhase section */

/* Begin PBXGroup section */
		5D714569B633EF78CA963657 /* Pods */ = {
			isa = PBXGroup;
			children = (
				B55DD8DBB84AB258D7B4F4E2 /* Pods-axolotl.debug.xcconfig */,
				603343D24A12FCA1899E128E /* Pods-axolotl.release.xcconfig */,
			);
			name = Pods;
			sourceTree = "<group>";
		};
		C834FD69EDD12C7A1E8FBACA /* Frameworks */ = {
			isa = PBXGroup;
			children = (
				0B3F3063B97800372006C835 /* Pods_axolotl.framework */,
			);
			name = Frameworks;
			sourceTree = "<group>";
		};
		C8AC92351EA2AE56000823B2 = {
			isa = PBXGroup;
			children = (
				C8AC92401EA2AE56000823B2 /* axolotl */,
				C8AC92551EA2AE57000823B2 /* axolotlTests */,
				C8AC923F1EA2AE56000823B2 /* Products */,
				5D714569B633EF78CA963657 /* Pods */,
				C834FD69EDD12C7A1E8FBACA /* Frameworks */,
			);
			sourceTree = "<group>";
		};
		C8AC923F1EA2AE56000823B2 /* Products */ = {
			isa = PBXGroup;
			children = (
				C8AC923E1EA2AE56000823B2 /* axolotl.app */,
				C8AC92521EA2AE57000823B2 /* axolotlTests.xctest */,
			);
			name = Products;
			sourceTree = "<group>";
		};
		C8AC92401EA2AE56000823B2 /* axolotl */ = {
			isa = PBXGroup;
			children = (
				C8AC92611EA2AE76000823B2 /* AppDelegate.swift */,
				C8AC92621EA2AE76000823B2 /* MotionStream.swift */,
				C8AC92631EA2AE76000823B2 /* ViewController.swift */,
				C8AC92481EA2AE56000823B2 /* Assets.xcassets */,
				C8AC924A1EA2AE56000823B2 /* LaunchScreen.storyboard */,
				C8AC924D1EA2AE56000823B2 /* Info.plist */,
			);
			path = axolotl;
			sourceTree = "<group>";
		};
		C8AC92551EA2AE57000823B2 /* axolotlTests */ = {
			isa = PBXGroup;
			children = (
				C8AC92561EA2AE57000823B2 /* axolotlTests.swift */,
				C8AC92581EA2AE57000823B2 /* Info.plist */,
			);
			path = axolotlTests;
			sourceTree = "<group>";
		};
/* End PBXGroup section */

/* Begin PBXNativeTarget section */
		C8AC923D1EA2AE56000823B2 /* axolotl */ = {
			isa = PBXNativeTarget;
			buildConfigurationList = C8AC925B1EA2AE57000823B2 /* Build configuration list for PBXNativeTarget "axolotl" */;
			buildPhases = (
				5C188E3AC2FD244C54761D58 /* [CP] Check Pods Manifest.lock */,
				C8AC923A1EA2AE56000823B2 /* Sources */,
				C8AC923B1EA2AE56000823B2 /* Frameworks */,
				C8AC923C1EA2AE56000823B2 /* Resources */,
				2F9F32A12B9EB9D852B618AF /* [CP] Embed Pods Frameworks */,
				03967DF7D59050034B7CD197 /* [CP] Copy Pods Resources */,
			);
			buildRules = (
			);
			dependencies = (
			);
			name = axolotl;
			productName = axolotl;
			productReference = C8AC923E1EA2AE56000823B2 /* axolotl.app */;
			productType = "com.apple.product-type.application";
		};
		C8AC92511EA2AE57000823B2 /* axolotlTests */ = {
			isa = PBXNativeTarget;
			buildConfigurationList = C8AC925E1EA2AE57000823B2 /* Build configuration list for PBXNativeTarget "axolotlTests" */;
			buildPhases = (
				C8AC924E1EA2AE57000823B2 /* Sources */,
				C8AC924F1EA2AE57000823B2 /* Frameworks */,
				C8AC92501EA2AE57000823B2 /* Resources */,
			);
			buildRules = (
			);
			dependencies = (
				C8AC92541EA2AE57000823B2 /* PBXTargetDependency */,
			);
			name = axolotlTests;
			productName = axolotlTests;
			productReference = C8AC92521EA2AE57000823B2 /* axolotlTests.xctest */;
			productType = "com.apple.product-type.bundle.unit-test";
		};
/* End PBXNativeTarget section */

/* Begin PBXProject section */
		C8AC92361EA2AE56000823B2 /* Project object */ = {
			isa = PBXProject;
			attributes = {
				LastSwiftUpdateCheck = 0830;
				LastUpgradeCheck = 0830;
				ORGANIZATIONNAME = "Greg M Foster";
				TargetAttributes = {
					C8AC923D1EA2AE56000823B2 = {
						CreatedOnToolsVersion = 8.3.1;
						DevelopmentTeam = 2V7W69N399;
						ProvisioningStyle = Automatic;
					};
					C8AC92511EA2AE57000823B2 = {
						CreatedOnToolsVersion = 8.3.1;
						DevelopmentTeam = 2V7W69N399;
						ProvisioningStyle = Automatic;
						TestTargetID = C8AC923D1EA2AE56000823B2;
					};
				};
			};
			buildConfigurationList = C8AC92391EA2AE56000823B2 /* Build configuration list for PBXProject "axolotl" */;
			compatibilityVersion = "Xcode 3.2";
			developmentRegion = English;
			hasScannedForEncodings = 0;
			knownRegions = (
				en,
				Base,
			);
			mainGroup = C8AC92351EA2AE56000823B2;
			productRefGroup = C8AC923F1EA2AE56000823B2 /* Products */;
			projectDirPath = "";
			projectRoot = "";
			targets = (
				C8AC923D1EA2AE56000823B2 /* axolotl */,
				C8AC92511EA2AE57000823B2 /* axolotlTests */,
			);
		};
/* End PBXProject section */

/* Begin PBXResourcesBuildPhase section */
		C8AC923C1EA2AE56000823B2 /* Resources */ = {
			isa = PBXResourcesBuildPhase;
			buildActionMask = 2147483647;
			files = (
				C8AC924C1EA2AE56000823B2 /* LaunchScreen.storyboard in Resources */,
				C8AC92491EA2AE56000823B2 /* Assets.xcassets in Resources */,
			);
			runOnlyForDeploymentPostprocessing = 0;
		};
		C8AC92501EA2AE57000823B2 /* Resources */ = {
			isa = PBXResourcesBuildPhase;
			buildActionMask = 2147483647;
			files = (
			);
			runOnlyForDeploymentPostprocessing = 0;
		};
/* End PBXResourcesBuildPhase section */

/* Begin PBXShellScriptBuildPhase section */
		03967DF7D59050034B7CD197 /* [CP] Copy Pods Resources */ = {
			isa = PBXShellScriptBuildPhase;
			buildActionMask = 2147483647;
			files = (
			);
			inputPaths = (
			);
			name = "[CP] Copy Pods Resources";
			outputPaths = (
			);
			runOnlyForDeploymentPostprocessing = 0;
			shellPath = /bin/sh;
			shellScript = "\"${SRCROOT}/Pods/Target Support Files/Pods-axolotl/Pods-axolotl-resources.sh\"\n";
			showEnvVarsInLog = 0;
		};
		2F9F32A12B9EB9D852B618AF /* [CP] Embed Pods Frameworks */ = {
			isa = PBXShellScriptBuildPhase;
			buildActionMask = 2147483647;
			files = (
			);
			inputPaths = (
			);
			name = "[CP] Embed Pods Frameworks";
			outputPaths = (
			);
			runOnlyForDeploymentPostprocessing = 0;
			shellPath = /bin/sh;
			shellScript = "\"${SRCROOT}/Pods/Target Support Files/Pods-axolotl/Pods-axolotl-frameworks.sh\"\n";
			showEnvVarsInLog = 0;
		};
		5C188E3AC2FD244C54761D58 /* [CP] Check Pods Manifest.lock */ = {
			isa = PBXShellScriptBuildPhase;
			buildActionMask = 2147483647;
			files = (
			);
			inputPaths = (
			);
			name = "[CP] Check Pods Manifest.lock";
			outputPaths = (
			);
			runOnlyForDeploymentPostprocessing = 0;
			shellPath = /bin/sh;
			shellScript = "diff \"${PODS_PODFILE_DIR_PATH}/Podfile.lock\" \"${PODS_ROOT}/Manifest.lock\" > /dev/null\nif [ $? != 0 ] ; then\n    # print error to STDERR\n    echo \"error: The sandbox is not in sync with the Podfile.lock. Run 'pod install' or update your CocoaPods installation.\" >&2\n    exit 1\nfi\n";
			showEnvVarsInLog = 0;
		};
/* End PBXShellScriptBuildPhase section */

/* Begin PBXSourcesBuildPhase section */
		C8AC923A1EA2AE56000823B2 /* Sources */ = {
			isa = PBXSourcesBuildPhase;
			buildActionMask = 2147483647;
			files = (
				C8AC92661EA2AE76000823B2 /* ViewController.swift in Sources */,
				C8AC92641EA2AE76000823B2 /* AppDelegate.swift in Sources */,
				C8AC92651EA2AE76000823B2 /* MotionStream.swift in Sources */,
			);
			runOnlyForDeploymentPostprocessing = 0;
		};
		C8AC924E1EA2AE57000823B2 /* Sources */ = {
			isa = PBXSourcesBuildPhase;
			buildActionMask = 2147483647;
			files = (
				C8AC92571EA2AE57000823B2 /* axolotlTests.swift in Sources */,
			);
			runOnlyForDeploymentPostprocessing = 0;
		};
/* End PBXSourcesBuildPhase section */

/* Begin PBXTargetDependency section */
		C8AC92541EA2AE57000823B2 /* PBXTargetDependency */ = {
			isa = PBXTargetDependency;
			target = C8AC923D1EA2AE56000823B2 /* axolotl */;
			targetProxy = C8AC92531EA2AE57000823B2 /* PBXContainerItemProxy */;
		};
/* End PBXTargetDependency section */

/* Begin PBXVariantGroup section */
		C8AC924A1EA2AE56000823B2 /* LaunchScreen.storyboard */ = {
			isa = PBXVariantGroup;
			children = (
				C8AC924B1EA2AE56000823B2 /* Base */,
			);
			name = LaunchScreen.storyboard;
			sourceTree = "<group>";
		};
/* End PBXVariantGroup section */

/* Begin XCBuildConfiguration section */
		C8AC92591EA2AE57000823B2 /* Debug */ = {
			isa = XCBuildConfiguration;
			buildSettings = {
				ALWAYS_SEARCH_USER_PATHS = NO;
				CLANG_ANALYZER_NONNULL = YES;
				CLANG_ANALYZER_NUMBER_OBJECT_CONVERSION = YES_AGGRESSIVE;
				CLANG_CXX_LANGUAGE_STANDARD = "gnu++0x";
				CLANG_CXX_LIBRARY = "libc++";
				CLANG_ENABLE_MODULES = YES;
				CLANG_ENABLE_OBJC_ARC = YES;
				CLANG_WARN_BOOL_CONVERSION = YES;
				CLANG_WARN_CONSTANT_CONVERSION = YES;
				CLANG_WARN_DIRECT_OBJC_ISA_USAGE = YES_ERROR;
				CLANG_WARN_DOCUMENTATION_COMMENTS = YES;
				CLANG_WARN_EMPTY_BODY = YES;
				CLANG_WARN_ENUM_CONVERSION = YES;
				CLANG_WARN_INFINITE_RECURSION = YES;
				CLANG_WARN_INT_CONVERSION = YES;
				CLANG_WARN_OBJC_ROOT_CLASS = YES_ERROR;
				CLANG_WARN_SUSPICIOUS_MOVE = YES;
				CLANG_WARN_UNREACHABLE_CODE = YES;
				CLANG_WARN__DUPLICATE_METHOD_MATCH = YES;
				"CODE_SIGN_IDENTITY[sdk=iphoneos*]" = "iPhone Developer";
				COPY_PHASE_STRIP = NO;
				DEBUG_INFORMATION_FORMAT = dwarf;
				ENABLE_STRICT_OBJC_MSGSEND = YES;
				ENABLE_TESTABILITY = YES;
				GCC_C_LANGUAGE_STANDARD = gnu99;
				GCC_DYNAMIC_NO_PIC = NO;
				GCC_NO_COMMON_BLOCKS = YES;
				GCC_OPTIMIZATION_LEVEL = 0;
				GCC_PREPROCESSOR_DEFINITIONS = (
					"DEBUG=1",
					"$(inherited)",
				);
				GCC_WARN_64_TO_32_BIT_CONVERSION = YES;
				GCC_WARN_ABOUT_RETURN_TYPE = YES_ERROR;
				GCC_WARN_UNDECLARED_SELECTOR = YES;
				GCC_WARN_UNINITIALIZED_AUTOS = YES_AGGRESSIVE;
				GCC_WARN_UNUSED_FUNCTION = YES;
				GCC_WARN_UNUSED_VARIABLE = YES;
				IPHONEOS_DEPLOYMENT_TARGET = 10.3;
				MTL_ENABLE_DEBUG_INFO = YES;
				ONLY_ACTIVE_ARCH = YES;
				SDKROOT = iphoneos;
				SWIFT_ACTIVE_COMPILATION_CONDITIONS = DEBUG;
				SWIFT_OPTIMIZATION_LEVEL = "-Onone";
			};
			name = Debug;
		};
		C8AC925A1EA2AE57000823B2 /* Release */ = {
			isa = XCBuildConfiguration;
			buildSettings = {
				ALWAYS_SEARCH_USER_PATHS = NO;
				CLANG_ANALYZER_NONNULL = YES;
				CLANG_ANALYZER_NUMBER_OBJECT_CONVERSION = YES_AGGRESSIVE;
				CLANG_CXX_LANGUAGE_STANDARD = "gnu++0x";
				CLANG_CXX_LIBRARY = "libc++";
				CLANG_ENABLE_MODULES = YES;
				CLANG_ENABLE_OBJC_ARC = YES;
				CLANG_WARN_BOOL_CONVERSION = YES;
				CLANG_WARN_CONSTANT_CONVERSION = YES;
				CLANG_WARN_DIRECT_OBJC_ISA_USAGE = YES_ERROR;
				CLANG_WARN_DOCUMENTATION_COMMENTS = YES;
				CLANG_WARN_EMPTY_BODY = YES;
				CLANG_WARN_ENUM_CONVERSION = YES;
				CLANG_WARN_INFINITE_RECURSION = YES;
				CLANG_WARN_INT_CONVERSION = YES;
				CLANG_WARN_OBJC_ROOT_CLASS = YES_ERROR;
				CLANG_WARN_SUSPICIOUS_MOVE = YES;
				CLANG_WARN_UNREACHABLE_CODE = YES;
				CLANG_WARN__DUPLICATE_METHOD_MATCH = YES;
				"CODE_SIGN_IDENTITY[sdk=iphoneos*]" = "iPhone Developer";
				COPY_PHASE_STRIP = NO;
				DEBUG_INFORMATION_FORMAT = "dwarf-with-dsym";
				ENABLE_NS_ASSERTIONS = NO;
				ENABLE_STRICT_OBJC_MSGSEND = YES;
				GCC_C_LANGUAGE_STANDARD = gnu99;
				GCC_NO_COMMON_BLOCKS = YES;
				GCC_WARN_64_TO_32_BIT_CONVERSION = YES;
				GCC_WARN_ABOUT_RETURN_TYPE = YES_ERROR;
				GCC_WARN_UNDECLARED_SELECTOR = YES;
				GCC_WARN_UNINITIALIZED_AUTOS = YES_AGGRESSIVE;
				GCC_WARN_UNUSED_FUNCTION = YES;
				GCC_WARN_UNUSED_VARIABLE = YES;
				IPHONEOS_DEPLOYMENT_TARGET = 10.3;
				MTL_ENABLE_DEBUG_INFO = NO;
				SDKROOT = iphoneos;
				SWIFT_OPTIMIZATION_LEVEL = "-Owholemodule";
				VALIDATE_PRODUCT = YES;
			};
			name = Release;
		};
		C8AC925C1EA2AE57000823B2 /* Debug */ = {
			isa = XCBuildConfiguration;
			baseConfigurationReference = B55DD8DBB84AB258D7B4F4E2 /* Pods-axolotl.debug.xcconfig */;
			buildSettings = {
				ASSETCATALOG_COMPILER_APPICON_NAME = AppIcon;
				DEVELOPMENT_TEAM = 2V7W69N399;
				INFOPLIST_FILE = axolotl/Info.plist;
				LD_RUNPATH_SEARCH_PATHS = "$(inherited) @executable_path/Frameworks";
				PRODUCT_BUNDLE_IDENTIFIER = gregmfoster.axolotl;
				PRODUCT_NAME = "$(TARGET_NAME)";
				SWIFT_VERSION = 3.0;
			};
			name = Debug;
		};
		C8AC925D1EA2AE57000823B2 /* Release */ = {
			isa = XCBuildConfiguration;
			baseConfigurationReference = 603343D24A12FCA1899E128E /* Pods-axolotl.release.xcconfig */;
			buildSettings = {
				ASSETCATALOG_COMPILER_APPICON_NAME = AppIcon;
				DEVELOPMENT_TEAM = 2V7W69N399;
				INFOPLIST_FILE = axolotl/Info.plist;
				LD_RUNPATH_SEARCH_PATHS = "$(inherited) @executable_path/Frameworks";
				PRODUCT_BUNDLE_IDENTIFIER = gregmfoster.axolotl;
				PRODUCT_NAME = "$(TARGET_NAME)";
				SWIFT_VERSION = 3.0;
			};
			name = Release;
		};
		C8AC925F1EA2AE57000823B2 /* Debug */ = {
			isa = XCBuildConfiguration;
			buildSettings = {
				ALWAYS_EMBED_SWIFT_STANDARD_LIBRARIES = YES;
				BUNDLE_LOADER = "$(TEST_HOST)";
				DEVELOPMENT_TEAM = 2V7W69N399;
				INFOPLIST_FILE = axolotlTests/Info.plist;
				LD_RUNPATH_SEARCH_PATHS = "$(inherited) @executable_path/Frameworks @loader_path/Frameworks";
				PRODUCT_BUNDLE_IDENTIFIER = gregmfoster.axolotlTests;
				PRODUCT_NAME = "$(TARGET_NAME)";
				SWIFT_VERSION = 3.0;
				TEST_HOST = "$(BUILT_PRODUCTS_DIR)/axolotl.app/axolotl";
			};
			name = Debug;
		};
		C8AC92601EA2AE57000823B2 /* Release */ = {
			isa = XCBuildConfiguration;
			buildSettings = {
				ALWAYS_EMBED_SWIFT_STANDARD_LIBRARIES = YES;
				BUNDLE_LOADER = "$(TEST_HOST)";
				DEVELOPMENT_TEAM = 2V7W69N399;
				INFOPLIST_FILE = axolotlTests/Info.plist;
				LD_RUNPATH_SEARCH_PATHS = "$(inherited) @executable_path/Frameworks @loader_path/Frameworks";
				PRODUCT_BUNDLE_IDENTIFIER = gregmfoster.axolotlTests;
				PRODUCT_NAME = "$(TARGET_NAME)";
				SWIFT_VERSION = 3.0;
				TEST_HOST = "$(BUILT_PRODUCTS_DIR)/axolotl.app/axolotl";
			};
			name = Release;
		};
/* End XCBuildConfiguration section */

/* Begin XCConfigurationList section */
		C8AC92391EA2AE56000823B2 /* Build configuration list for PBXProject "axolotl" */ = {
			isa = XCConfigurationList;
			buildConfigurations = (
				C8AC92591EA2AE57000823B2 /* Debug */,
				C8AC925A1EA2AE57000823B2 /* Release */,
			);
			defaultConfigurationIsVisible = 0;
			defaultConfigurationName = Release;
		};
		C8AC925B1EA2AE57000823B2 /* Build configuration list for PBXNativeTarget "axolotl" */ = {
			isa = XCConfigurationList;
			buildConfigurations = (
				C8AC925C1EA2AE57000823B2 /* Debug */,
				C8AC925D1EA2AE57000823B2 /* Release */,
			);
			defaultConfigurationIsVisible = 0;
		};
		C8AC925E1EA2AE57000823B2 /* Build configuration list for PBXNativeTarget "axolotlTests" */ = {
			isa = XCConfigurationList;
			buildConfigurations = (
				C8AC925F1EA2AE57000823B2 /* Debug */,
				C8AC92601EA2AE57000823B2 /* Release */,
			);
			defaultConfigurationIsVisible = 0;
		};
/* End XCConfigurationList section */
	};
	rootObject = C8AC92361EA2AE56000823B2 /* Project object */;
}
